
Microsoft Visual Studio Solution File, Format Version 12.00
# Visual Studio Version 17
VisualStudioVersion = 17.5.33516.290
MinimumVisualStudioVersion = 10.0.40219.1
Project("{FAE04EC0-301F-11D3-BF4B-00C04F79EFBC}") = "LibraryAPI", "WebApplication1\LibraryAPI.csproj", "{A76C700D-2015-47A8-B08A-1649E722F677}"
EndProject
Global
	GlobalSection(SolutionConfigurationPlatforms) = preSolution
		Debug|Any CPU = Debug|Any CPU
		Release|Any CPU = Release|Any CPU
	EndGlobalSection
	GlobalSection(ProjectConfigurationPlatforms) = postSolution
		{A76C700D-2015-47A8-B08A-1649E722F677}.Debug|Any CPU.ActiveCfg = Debug|Any CPU
		{A76C700D-2015-47A8-B08A-1649E722F677}.Debug|Any CPU.Build.0 = Debug|Any CPU
		{A76C700D-2015-47A8-B08A-1649E722F677}.Release|Any CPU.ActiveCfg = Release|Any CPU
		{A76C700D-2015-47A8-B08A-1649E722F677}.Release|Any CPU.Build.0 = Release|Any CPU
	EndGlobalSection
	GlobalSection(SolutionProperties) = preSolution
		HideSolutionNode = FALSE
	EndGlobalSection
	GlobalSection(ExtensibilityGlobals) = postSolution
		SolutionGuid = {BFDCD585-13D3-4BB6-A847-CDBAC578A740}
	EndGlobalSection
EndGlobal
